
Microsoft Visual Studio Solution File, Format Version 12.00
# Visual Studio Version 17
VisualStudioVersion = 17.14.36616.10
MinimumVisualStudioVersion = 10.0.40219.1
Project("{FAE04EC0-301F-11D3-BF4B-00C04F79EFBC}") = "ComicShelfUI", "ComicShelfUI\ComicShelfUI.csproj", "{0B2F733A-A66E-4299-979E-3749C3BBBB05}"
	ProjectSection(ProjectDependencies) = postProject
		{E3979911-F33B-4F50-907A-A858D2941AE2} = {E3979911-F33B-4F50-907A-A858D2941AE2}
	EndProjectSection
EndProject
Project("{FAE04EC0-301F-11D3-BF4B-00C04F79EFBC}") = "Domain", "Domain\Domain.csproj", "{E3979911-F33B-4F50-907A-A858D2941AE2}"
EndProject
Project("{FAE04EC0-301F-11D3-BF4B-00C04F79EFBC}") = "Repositories", "Repositories\Repositories.csproj", "{78B8DFA4-CBED-4CB2-A4CC-DC95D728B503}"
EndProject
Project("{FAE04EC0-301F-11D3-BF4B-00C04F79EFBC}") = "TestingDataBase", "TestingDataBase\TestingDataBase.csproj", "{2C274EF4-C049-498B-9CC9-C926D377EBCF}"
EndProject
Project("{FAE04EC0-301F-11D3-BF4B-00C04F79EFBC}") = "ComicShelfWeb", "ComicShelfWeb\ComicShelfWeb.csproj", "{8ABC1DC2-F944-4E65-87BD-05B6254F30F8}"
EndProject
Project("{FAE04EC0-301F-11D3-BF4B-00C04F79EFBC}") = "Utils", "Utils\Utils.csproj", "{3FC59A97-971E-444E-B04B-85058C79C473}"
EndProject
Global
	GlobalSection(SolutionConfigurationPlatforms) = preSolution
		Debug|Any CPU = Debug|Any CPU
		Release|Any CPU = Release|Any CPU
	EndGlobalSection
	GlobalSection(ProjectConfigurationPlatforms) = postSolution
		{0B2F733A-A66E-4299-979E-3749C3BBBB05}.Debug|Any CPU.ActiveCfg = Debug|Any CPU
		{0B2F733A-A66E-4299-979E-3749C3BBBB05}.Debug|Any CPU.Build.0 = Debug|Any CPU
		{0B2F733A-A66E-4299-979E-3749C3BBBB05}.Release|Any CPU.ActiveCfg = Release|Any CPU
		{0B2F733A-A66E-4299-979E-3749C3BBBB05}.Release|Any CPU.Build.0 = Release|Any CPU
		{E3979911-F33B-4F50-907A-A858D2941AE2}.Debug|Any CPU.ActiveCfg = Debug|Any CPU
		{E3979911-F33B-4F50-907A-A858D2941AE2}.Debug|Any CPU.Build.0 = Debug|Any CPU
		{E3979911-F33B-4F50-907A-A858D2941AE2}.Release|Any CPU.ActiveCfg = Release|Any CPU
		{E3979911-F33B-4F50-907A-A858D2941AE2}.Release|Any CPU.Build.0 = Release|Any CPU
		{78B8DFA4-CBED-4CB2-A4CC-DC95D728B503}.Debug|Any CPU.ActiveCfg = Debug|Any CPU
		{78B8DFA4-CBED-4CB2-A4CC-DC95D728B503}.Debug|Any CPU.Build.0 = Debug|Any CPU
		{78B8DFA4-CBED-4CB2-A4CC-DC95D728B503}.Release|Any CPU.ActiveCfg = Release|Any CPU
		{78B8DFA4-CBED-4CB2-A4CC-DC95D728B503}.Release|Any CPU.Build.0 = Release|Any CPU
		{2C274EF4-C049-498B-9CC9-C926D377EBCF}.Debug|Any CPU.ActiveCfg = Debug|Any CPU
		{2C274EF4-C049-498B-9CC9-C926D377EBCF}.Debug|Any CPU.Build.0 = Debug|Any CPU
		{2C274EF4-C049-498B-9CC9-C926D377EBCF}.Release|Any CPU.ActiveCfg = Release|Any CPU
		{2C274EF4-C049-498B-9CC9-C926D377EBCF}.Release|Any CPU.Build.0 = Release|Any CPU
		{8ABC1DC2-F944-4E65-87BD-05B6254F30F8}.Debug|Any CPU.ActiveCfg = Debug|Any CPU
		{8ABC1DC2-F944-4E65-87BD-05B6254F30F8}.Debug|Any CPU.Build.0 = Debug|Any CPU
		{8ABC1DC2-F944-4E65-87BD-05B6254F30F8}.Release|Any CPU.ActiveCfg = Release|Any CPU
		{8ABC1DC2-F944-4E65-87BD-05B6254F30F8}.Release|Any CPU.Build.0 = Release|Any CPU
		{3FC59A97-971E-444E-B04B-85058C79C473}.Debug|Any CPU.ActiveCfg = Debug|Any CPU
		{3FC59A97-971E-444E-B04B-85058C79C473}.Debug|Any CPU.Build.0 = Debug|Any CPU
		{3FC59A97-971E-444E-B04B-85058C79C473}.Release|Any CPU.ActiveCfg = Release|Any CPU
		{3FC59A97-971E-444E-B04B-85058C79C473}.Release|Any CPU.Build.0 = Release|Any CPU
	EndGlobalSection
	GlobalSection(SolutionProperties) = preSolution
		HideSolutionNode = FALSE
	EndGlobalSection
	GlobalSection(ExtensibilityGlobals) = postSolution
		SolutionGuid = {68CBDA20-5CC2-4B75-9C96-09503FEDE56A}
	EndGlobalSection
EndGlobal
